
Microsoft Visual Studio Solution File, Format Version 12.00
# Visual Studio 15
VisualStudioVersion = 15.0.28307.1062
MinimumVisualStudioVersion = 10.0.40219.1
Project("{9A19103F-16F7-4668-BE54-9A1E7A4F7556}") = "Example11723", "Example11723\Example11723.csproj", "{974DA4A0-5830-4A94-B59B-D0A07CD97718}"
EndProject
Project("{9A19103F-16F7-4668-BE54-9A1E7A4F7556}") = "Example1620", "Example1620\Example1620.csproj", "{EAB61664-BE01-4770-B6A2-ED6073F7126D}"
EndProject
Project("{9A19103F-16F7-4668-BE54-9A1E7A4F7556}") = "Example1676", "Example1676\Example1676.csproj", "{9B515B2C-AA75-4FF4-80A0-F149B29FAD60}"
EndProject
Project("{9A19103F-16F7-4668-BE54-9A1E7A4F7556}") = "Example1764", "Example1764\Example1764.csproj", "{6A95F0DF-7958-46A4-A781-89C1D5242CCD}"
EndProject
Project("{9A19103F-16F7-4668-BE54-9A1E7A4F7556}") = "Example17219", "Example17219\Example17219.csproj", "{741457A9-7745-48D9-A69B-23E8E7363FEE}"
EndProject
Project("{9A19103F-16F7-4668-BE54-9A1E7A4F7556}") = "Example17626", "Example17626\Example17626.csproj", "{C092C2FF-BD25-4D39-B8A7-550A99D8E1B1}"
EndProject
Project("{9A19103F-16F7-4668-BE54-9A1E7A4F7556}") = "Example1003", "Example1003\Example1003.csproj", "{13F41915-1A3A-40EB-ADA2-28857F50F530}"
EndProject
Project("{9A19103F-16F7-4668-BE54-9A1E7A4F7556}") = "Example1463", "Example1463\Example1463.csproj", "{983AC385-0BE0-4B0C-8A2F-B507E04364A1}"
EndProject
Project("{9A19103F-16F7-4668-BE54-9A1E7A4F7556}") = "Example2606", "Example2606\Example2606.csproj", "{ECF7EA9B-237B-46D7-B921-5F7AC53ADCC5}"
EndProject
Project("{9A19103F-16F7-4668-BE54-9A1E7A4F7556}") = "Example2579", "Example2579\Example2579.csproj", "{A334B8AE-6D3E-463E-B841-98A660125099}"
EndProject
Project("{9A19103F-16F7-4668-BE54-9A1E7A4F7556}") = "Example9095", "Example9095\Example9095.csproj", "{91611A85-5194-4CD4-A12B-0EF33DC88083}"
EndProject
Project("{9A19103F-16F7-4668-BE54-9A1E7A4F7556}") = "Example9375", "Example9375\Example9375.csproj", "{6C649566-165E-47C0-936F-ACB7920DB595}"
EndProject
Project("{9A19103F-16F7-4668-BE54-9A1E7A4F7556}") = "Example11399", "Example11399\Example11399.csproj", "{B13207C3-6660-4120-A315-F735CA469451}"
EndProject
Project("{9A19103F-16F7-4668-BE54-9A1E7A4F7556}") = "Example11659", "Example11659\Example11659.csproj", "{5A575C91-C2CE-404C-B82E-F214F5CA41EF}"
EndProject
Project("{9A19103F-16F7-4668-BE54-9A1E7A4F7556}") = "Example9461", "Example9461\Example9461.csproj", "{A85467AA-9F21-4B4A-B811-A9B117F96AB8}"
EndProject
Project("{9A19103F-16F7-4668-BE54-9A1E7A4F7556}") = "Example1012", "Example1012\Example1012.csproj", "{046BD813-0342-48C2-B20E-26646BDA3692}"
EndProject
Project("{9A19103F-16F7-4668-BE54-9A1E7A4F7556}") = "Example11726", "Example11726\Example11726.csproj", "{405B223A-CF55-44F2-B057-714C1972D547}"
EndProject
Project("{9A19103F-16F7-4668-BE54-9A1E7A4F7556}") = "Example1260_Array", "Example1260\Example1260_Array.csproj", "{CE871579-2D07-4B72-9839-272ADBD69ED6}"
EndProject
Project("{9A19103F-16F7-4668-BE54-9A1E7A4F7556}") = "Example1260_List", "Example1260_List\Example1260_List.csproj", "{D60B2922-A3C6-4804-86C8-F72DA8A3560A}"
EndProject
Project("{9A19103F-16F7-4668-BE54-9A1E7A4F7556}") = "Example1541", "Example1541\Example1541.csproj", "{607F72EE-BB04-4CEC-A34D-92466A982EC3}"
EndProject
Project("{9A19103F-16F7-4668-BE54-9A1E7A4F7556}") = "Example1780", "Example1780\Example1780.csproj", "{3F2101D4-EEFC-46B3-8828-7BA5425B3B22}"
EndProject
Project("{9A19103F-16F7-4668-BE54-9A1E7A4F7556}") = "Example2630", "Example2630\Example2630.csproj", "{0505FB7B-ED2A-44C7-BB1B-42E655541CE0}"
EndProject
Project("{9A19103F-16F7-4668-BE54-9A1E7A4F7556}") = "Example1931", "Example1931\Example1931.csproj", "{3502D2A4-D185-4858-8094-EB9650299086}"
EndProject
Project("{9A19103F-16F7-4668-BE54-9A1E7A4F7556}") = "Example5525", "Example5525\Example5525.csproj", "{8F1C0BC6-DCD0-4901-A879-640E596C51DF}"
EndProject
Project("{9A19103F-16F7-4668-BE54-9A1E7A4F7556}") = "Example11047", "Example11047\Example11047.csproj", "{5E1A0EF5-ACDC-4CEA-9D7E-921A217F00FC}"
EndProject
Project("{9A19103F-16F7-4668-BE54-9A1E7A4F7556}") = "Example11279", "Example11279\Example11279.csproj", "{1F50D0EC-F42B-4267-BD6F-C886192938C2}"
EndProject
Project("{9A19103F-16F7-4668-BE54-9A1E7A4F7556}") = "Example11727", "Example11727\Example11727.csproj", "{66F08B2F-31C9-4995-AF45-287A0FD3DF11}"
EndProject
Project("{9A19103F-16F7-4668-BE54-9A1E7A4F7556}") = "Example11724", "Example11724\Example11724.csproj", "{318DFE4E-5B09-42B8-A0F1-CEAB5601F502}"
EndProject
Project("{FAE04EC0-301F-11D3-BF4B-00C04F79EFBC}") = "Example18870", "Example18870\Example18870.csproj", "{EF62C940-81CC-4D33-852B-E0225FD63CCD}"
EndProject
Project("{FAE04EC0-301F-11D3-BF4B-00C04F79EFBC}") = "Example1074", "Example1074\Example1074.csproj", "{426487B3-1FC8-4179-ABBA-654FC6417C3F}"
EndProject
Global
	GlobalSection(SolutionConfigurationPlatforms) = preSolution
		Debug|Any CPU = Debug|Any CPU
		Release|Any CPU = Release|Any CPU
	EndGlobalSection
	GlobalSection(ProjectConfigurationPlatforms) = postSolution
		{974DA4A0-5830-4A94-B59B-D0A07CD97718}.Debug|Any CPU.ActiveCfg = Debug|Any CPU
		{974DA4A0-5830-4A94-B59B-D0A07CD97718}.Debug|Any CPU.Build.0 = Debug|Any CPU
		{974DA4A0-5830-4A94-B59B-D0A07CD97718}.Release|Any CPU.ActiveCfg = Release|Any CPU
		{974DA4A0-5830-4A94-B59B-D0A07CD97718}.Release|Any CPU.Build.0 = Release|Any CPU
		{EAB61664-BE01-4770-B6A2-ED6073F7126D}.Debug|Any CPU.ActiveCfg = Debug|Any CPU
		{EAB61664-BE01-4770-B6A2-ED6073F7126D}.Debug|Any CPU.Build.0 = Debug|Any CPU
		{EAB61664-BE01-4770-B6A2-ED6073F7126D}.Release|Any CPU.ActiveCfg = Release|Any CPU
		{EAB61664-BE01-4770-B6A2-ED6073F7126D}.Release|Any CPU.Build.0 = Release|Any CPU
		{9B515B2C-AA75-4FF4-80A0-F149B29FAD60}.Debug|Any CPU.ActiveCfg = Debug|Any CPU
		{9B515B2C-AA75-4FF4-80A0-F149B29FAD60}.Debug|Any CPU.Build.0 = Debug|Any CPU
		{9B515B2C-AA75-4FF4-80A0-F149B29FAD60}.Release|Any CPU.ActiveCfg = Release|Any CPU
		{9B515B2C-AA75-4FF4-80A0-F149B29FAD60}.Release|Any CPU.Build.0 = Release|Any CPU
		{6A95F0DF-7958-46A4-A781-89C1D5242CCD}.Debug|Any CPU.ActiveCfg = Debug|Any CPU
		{6A95F0DF-7958-46A4-A781-89C1D5242CCD}.Debug|Any CPU.Build.0 = Debug|Any CPU
		{6A95F0DF-7958-46A4-A781-89C1D5242CCD}.Release|Any CPU.ActiveCfg = Release|Any CPU
		{6A95F0DF-7958-46A4-A781-89C1D5242CCD}.Release|Any CPU.Build.0 = Release|Any CPU
		{741457A9-7745-48D9-A69B-23E8E7363FEE}.Debug|Any CPU.ActiveCfg = Debug|Any CPU
		{741457A9-7745-48D9-A69B-23E8E7363FEE}.Debug|Any CPU.Build.0 = Debug|Any CPU
		{741457A9-7745-48D9-A69B-23E8E7363FEE}.Release|Any CPU.ActiveCfg = Release|Any CPU
		{741457A9-7745-48D9-A69B-23E8E7363FEE}.Release|Any CPU.Build.0 = Release|Any CPU
		{C092C2FF-BD25-4D39-B8A7-550A99D8E1B1}.Debug|Any CPU.ActiveCfg = Debug|Any CPU
		{C092C2FF-BD25-4D39-B8A7-550A99D8E1B1}.Debug|Any CPU.Build.0 = Debug|Any CPU
		{C092C2FF-BD25-4D39-B8A7-550A99D8E1B1}.Release|Any CPU.ActiveCfg = Release|Any CPU
		{C092C2FF-BD25-4D39-B8A7-550A99D8E1B1}.Release|Any CPU.Build.0 = Release|Any CPU
		{13F41915-1A3A-40EB-ADA2-28857F50F530}.Debug|Any CPU.ActiveCfg = Debug|Any CPU
		{13F41915-1A3A-40EB-ADA2-28857F50F530}.Debug|Any CPU.Build.0 = Debug|Any CPU
		{13F41915-1A3A-40EB-ADA2-28857F50F530}.Release|Any CPU.ActiveCfg = Release|Any CPU
		{13F41915-1A3A-40EB-ADA2-28857F50F530}.Release|Any CPU.Build.0 = Release|Any CPU
		{983AC385-0BE0-4B0C-8A2F-B507E04364A1}.Debug|Any CPU.ActiveCfg = Debug|Any CPU
		{983AC385-0BE0-4B0C-8A2F-B507E04364A1}.Debug|Any CPU.Build.0 = Debug|Any CPU
		{983AC385-0BE0-4B0C-8A2F-B507E04364A1}.Release|Any CPU.ActiveCfg = Release|Any CPU
		{983AC385-0BE0-4B0C-8A2F-B507E04364A1}.Release|Any CPU.Build.0 = Release|Any CPU
		{ECF7EA9B-237B-46D7-B921-5F7AC53ADCC5}.Debug|Any CPU.ActiveCfg = Debug|Any CPU
		{ECF7EA9B-237B-46D7-B921-5F7AC53ADCC5}.Debug|Any CPU.Build.0 = Debug|Any CPU
		{ECF7EA9B-237B-46D7-B921-5F7AC53ADCC5}.Release|Any CPU.ActiveCfg = Release|Any CPU
		{ECF7EA9B-237B-46D7-B921-5F7AC53ADCC5}.Release|Any CPU.Build.0 = Release|Any CPU
		{A334B8AE-6D3E-463E-B841-98A660125099}.Debug|Any CPU.ActiveCfg = Debug|Any CPU
		{A334B8AE-6D3E-463E-B841-98A660125099}.Debug|Any CPU.Build.0 = Debug|Any CPU
		{A334B8AE-6D3E-463E-B841-98A660125099}.Release|Any CPU.ActiveCfg = Release|Any CPU
		{A334B8AE-6D3E-463E-B841-98A660125099}.Release|Any CPU.Build.0 = Release|Any CPU
		{91611A85-5194-4CD4-A12B-0EF33DC88083}.Debug|Any CPU.ActiveCfg = Debug|Any CPU
		{91611A85-5194-4CD4-A12B-0EF33DC88083}.Debug|Any CPU.Build.0 = Debug|Any CPU
		{91611A85-5194-4CD4-A12B-0EF33DC88083}.Release|Any CPU.ActiveCfg = Release|Any CPU
		{91611A85-5194-4CD4-A12B-0EF33DC88083}.Release|Any CPU.Build.0 = Release|Any CPU
		{6C649566-165E-47C0-936F-ACB7920DB595}.Debug|Any CPU.ActiveCfg = Debug|Any CPU
		{6C649566-165E-47C0-936F-ACB7920DB595}.Debug|Any CPU.Build.0 = Debug|Any CPU
		{6C649566-165E-47C0-936F-ACB7920DB595}.Release|Any CPU.ActiveCfg = Release|Any CPU
		{6C649566-165E-47C0-936F-ACB7920DB595}.Release|Any CPU.Build.0 = Release|Any CPU
		{B13207C3-6660-4120-A315-F735CA469451}.Debug|Any CPU.ActiveCfg = Debug|Any CPU
		{B13207C3-6660-4120-A315-F735CA469451}.Debug|Any CPU.Build.0 = Debug|Any CPU
		{B13207C3-6660-4120-A315-F735CA469451}.Release|Any CPU.ActiveCfg = Release|Any CPU
		{B13207C3-6660-4120-A315-F735CA469451}.Release|Any CPU.Build.0 = Release|Any CPU
		{5A575C91-C2CE-404C-B82E-F214F5CA41EF}.Debug|Any CPU.ActiveCfg = Debug|Any CPU
		{5A575C91-C2CE-404C-B82E-F214F5CA41EF}.Debug|Any CPU.Build.0 = Debug|Any CPU
		{5A575C91-C2CE-404C-B82E-F214F5CA41EF}.Release|Any CPU.ActiveCfg = Release|Any CPU
		{5A575C91-C2CE-404C-B82E-F214F5CA41EF}.Release|Any CPU.Build.0 = Release|Any CPU
		{A85467AA-9F21-4B4A-B811-A9B117F96AB8}.Debug|Any CPU.ActiveCfg = Debug|Any CPU
		{A85467AA-9F21-4B4A-B811-A9B117F96AB8}.Debug|Any CPU.Build.0 = Debug|Any CPU
		{A85467AA-9F21-4B4A-B811-A9B117F96AB8}.Release|Any CPU.ActiveCfg = Release|Any CPU
		{A85467AA-9F21-4B4A-B811-A9B117F96AB8}.Release|Any CPU.Build.0 = Release|Any CPU
		{046BD813-0342-48C2-B20E-26646BDA3692}.Debug|Any CPU.ActiveCfg = Debug|Any CPU
		{046BD813-0342-48C2-B20E-26646BDA3692}.Debug|Any CPU.Build.0 = Debug|Any CPU
		{046BD813-0342-48C2-B20E-26646BDA3692}.Release|Any CPU.ActiveCfg = Release|Any CPU
		{046BD813-0342-48C2-B20E-26646BDA3692}.Release|Any CPU.Build.0 = Release|Any CPU
		{405B223A-CF55-44F2-B057-714C1972D547}.Debug|Any CPU.ActiveCfg = Debug|Any CPU
		{405B223A-CF55-44F2-B057-714C1972D547}.Debug|Any CPU.Build.0 = Debug|Any CPU
		{405B223A-CF55-44F2-B057-714C1972D547}.Release|Any CPU.ActiveCfg = Release|Any CPU
		{405B223A-CF55-44F2-B057-714C1972D547}.Release|Any CPU.Build.0 = Release|Any CPU
		{CE871579-2D07-4B72-9839-272ADBD69ED6}.Debug|Any CPU.ActiveCfg = Debug|Any CPU
		{CE871579-2D07-4B72-9839-272ADBD69ED6}.Debug|Any CPU.Build.0 = Debug|Any CPU
		{CE871579-2D07-4B72-9839-272ADBD69ED6}.Release|Any CPU.ActiveCfg = Release|Any CPU
		{CE871579-2D07-4B72-9839-272ADBD69ED6}.Release|Any CPU.Build.0 = Release|Any CPU
		{D60B2922-A3C6-4804-86C8-F72DA8A3560A}.Debug|Any CPU.ActiveCfg = Debug|Any CPU
		{D60B2922-A3C6-4804-86C8-F72DA8A3560A}.Debug|Any CPU.Build.0 = Debug|Any CPU
		{D60B2922-A3C6-4804-86C8-F72DA8A3560A}.Release|Any CPU.ActiveCfg = Release|Any CPU
		{D60B2922-A3C6-4804-86C8-F72DA8A3560A}.Release|Any CPU.Build.0 = Release|Any CPU
		{607F72EE-BB04-4CEC-A34D-92466A982EC3}.Debug|Any CPU.ActiveCfg = Debug|Any CPU
		{607F72EE-BB04-4CEC-A34D-92466A982EC3}.Debug|Any CPU.Build.0 = Debug|Any CPU
		{607F72EE-BB04-4CEC-A34D-92466A982EC3}.Release|Any CPU.ActiveCfg = Release|Any CPU
		{607F72EE-BB04-4CEC-A34D-92466A982EC3}.Release|Any CPU.Build.0 = Release|Any CPU
		{3F2101D4-EEFC-46B3-8828-7BA5425B3B22}.Debug|Any CPU.ActiveCfg = Debug|Any CPU
		{3F2101D4-EEFC-46B3-8828-7BA5425B3B22}.Debug|Any CPU.Build.0 = Debug|Any CPU
		{3F2101D4-EEFC-46B3-8828-7BA5425B3B22}.Release|Any CPU.ActiveCfg = Release|Any CPU
		{3F2101D4-EEFC-46B3-8828-7BA5425B3B22}.Release|Any CPU.Build.0 = Release|Any CPU
		{0505FB7B-ED2A-44C7-BB1B-42E655541CE0}.Debug|Any CPU.ActiveCfg = Debug|Any CPU
		{0505FB7B-ED2A-44C7-BB1B-42E655541CE0}.Debug|Any CPU.Build.0 = Debug|Any CPU
		{0505FB7B-ED2A-44C7-BB1B-42E655541CE0}.Release|Any CPU.ActiveCfg = Release|Any CPU
		{0505FB7B-ED2A-44C7-BB1B-42E655541CE0}.Release|Any CPU.Build.0 = Release|Any CPU
		{3502D2A4-D185-4858-8094-EB9650299086}.Debug|Any CPU.ActiveCfg = Debug|Any CPU
		{3502D2A4-D185-4858-8094-EB9650299086}.Debug|Any CPU.Build.0 = Debug|Any CPU
		{3502D2A4-D185-4858-8094-EB9650299086}.Release|Any CPU.ActiveCfg = Release|Any CPU
		{3502D2A4-D185-4858-8094-EB9650299086}.Release|Any CPU.Build.0 = Release|Any CPU
		{8F1C0BC6-DCD0-4901-A879-640E596C51DF}.Debug|Any CPU.ActiveCfg = Debug|Any CPU
		{8F1C0BC6-DCD0-4901-A879-640E596C51DF}.Debug|Any CPU.Build.0 = Debug|Any CPU
		{8F1C0BC6-DCD0-4901-A879-640E596C51DF}.Release|Any CPU.ActiveCfg = Release|Any CPU
		{8F1C0BC6-DCD0-4901-A879-640E596C51DF}.Release|Any CPU.Build.0 = Release|Any CPU
		{5E1A0EF5-ACDC-4CEA-9D7E-921A217F00FC}.Debug|Any CPU.ActiveCfg = Debug|Any CPU
		{5E1A0EF5-ACDC-4CEA-9D7E-921A217F00FC}.Debug|Any CPU.Build.0 = Debug|Any CPU
		{5E1A0EF5-ACDC-4CEA-9D7E-921A217F00FC}.Release|Any CPU.ActiveCfg = Release|Any CPU
		{5E1A0EF5-ACDC-4CEA-9D7E-921A217F00FC}.Release|Any CPU.Build.0 = Release|Any CPU
		{1F50D0EC-F42B-4267-BD6F-C886192938C2}.Debug|Any CPU.ActiveCfg = Debug|Any CPU
		{1F50D0EC-F42B-4267-BD6F-C886192938C2}.Debug|Any CPU.Build.0 = Debug|Any CPU
		{1F50D0EC-F42B-4267-BD6F-C886192938C2}.Release|Any CPU.ActiveCfg = Release|Any CPU
		{1F50D0EC-F42B-4267-BD6F-C886192938C2}.Release|Any CPU.Build.0 = Release|Any CPU
		{66F08B2F-31C9-4995-AF45-287A0FD3DF11}.Debug|Any CPU.ActiveCfg = Debug|Any CPU
		{66F08B2F-31C9-4995-AF45-287A0FD3DF11}.Debug|Any CPU.Build.0 = Debug|Any CPU
		{66F08B2F-31C9-4995-AF45-287A0FD3DF11}.Release|Any CPU.ActiveCfg = Release|Any CPU
		{66F08B2F-31C9-4995-AF45-287A0FD3DF11}.Release|Any CPU.Build.0 = Release|Any CPU
		{318DFE4E-5B09-42B8-A0F1-CEAB5601F502}.Debug|Any CPU.ActiveCfg = Debug|Any CPU
		{318DFE4E-5B09-42B8-A0F1-CEAB5601F502}.Debug|Any CPU.Build.0 = Debug|Any CPU
		{318DFE4E-5B09-42B8-A0F1-CEAB5601F502}.Release|Any CPU.ActiveCfg = Release|Any CPU
		{318DFE4E-5B09-42B8-A0F1-CEAB5601F502}.Release|Any CPU.Build.0 = Release|Any CPU
		{EF62C940-81CC-4D33-852B-E0225FD63CCD}.Debug|Any CPU.ActiveCfg = Debug|Any CPU
		{EF62C940-81CC-4D33-852B-E0225FD63CCD}.Debug|Any CPU.Build.0 = Debug|Any CPU
		{EF62C940-81CC-4D33-852B-E0225FD63CCD}.Release|Any CPU.ActiveCfg = Release|Any CPU
		{EF62C940-81CC-4D33-852B-E0225FD63CCD}.Release|Any CPU.Build.0 = Release|Any CPU
		{426487B3-1FC8-4179-ABBA-654FC6417C3F}.Debug|Any CPU.ActiveCfg = Debug|Any CPU
		{426487B3-1FC8-4179-ABBA-654FC6417C3F}.Debug|Any CPU.Build.0 = Debug|Any CPU
		{426487B3-1FC8-4179-ABBA-654FC6417C3F}.Release|Any CPU.ActiveCfg = Release|Any CPU
		{426487B3-1FC8-4179-ABBA-654FC6417C3F}.Release|Any CPU.Build.0 = Release|Any CPU
	EndGlobalSection
	GlobalSection(SolutionProperties) = preSolution
		HideSolutionNode = FALSE
	EndGlobalSection
	GlobalSection(ExtensibilityGlobals) = postSolution
		SolutionGuid = {61D063A9-187F-4A6C-B8BE-A35498313BFC}
	EndGlobalSection
EndGlobal
