
Microsoft Visual Studio Solution File, Format Version 12.00
# Visual Studio 15
VisualStudioVersion = 15.0.28307.1062
MinimumVisualStudioVersion = 10.0.40219.1
Project("{9A19103F-16F7-4668-BE54-9A1E7A4F7556}") = "Example1018", "Class2\Example1018.csproj", "{E6048291-CEE4-4311-8FB4-5351EECC033F}"
EndProject
Project("{9A19103F-16F7-4668-BE54-9A1E7A4F7556}") = "Example11085", "Example11085\Example11085.csproj", "{323534E6-AC7D-4FA2-B424-C07597C7A63C}"
EndProject
Project("{9A19103F-16F7-4668-BE54-9A1E7A4F7556}") = "Example4153", "Example4153\Example4153.csproj", "{0592F073-06E3-4CF8-9DDE-63752AE582ED}"
EndProject
Project("{9A19103F-16F7-4668-BE54-9A1E7A4F7556}") = "Example10250", "Example10250\Example10250.csproj", "{A26FAC3C-323F-414C-9208-2DC50E74F807}"
EndProject
Project("{9A19103F-16F7-4668-BE54-9A1E7A4F7556}") = "Example2231", "Example2231\Example2231.csproj", "{D82267E7-B3E2-4353-B46F-12BE51AAA547}"
EndProject
Project("{9A19103F-16F7-4668-BE54-9A1E7A4F7556}") = "Example2292", "Example2292\Example2292.csproj", "{27042F71-2C6F-4CA4-899E-8AE353C19062}"
EndProject
Project("{9A19103F-16F7-4668-BE54-9A1E7A4F7556}") = "Example2775", "Example2775\Example2775.csproj", "{5E4B5ED5-5E9A-4E53-8D62-7CCD922C6E78}"
EndProject
Project("{9A19103F-16F7-4668-BE54-9A1E7A4F7556}") = "Example2798", "Example2798\Example2798.csproj", "{D5259290-3D12-46B7-9FA4-2D64F5489962}"
EndProject
Project("{9A19103F-16F7-4668-BE54-9A1E7A4F7556}") = "Example15829", "Example15829\Example15829.csproj", "{4BA4EC0A-4F77-41CE-823E-502D4E48E14C}"
EndProject
Project("{9A19103F-16F7-4668-BE54-9A1E7A4F7556}") = "Example1259", "Example1259\Example1259.csproj", "{AF490DBB-5255-4E3C-AE5D-9D953CE1D349}"
EndProject
Project("{9A19103F-16F7-4668-BE54-9A1E7A4F7556}") = "Example2839", "Example2839\Example2839.csproj", "{D3F0C121-5955-4901-8206-E5E28C1CB017}"
EndProject
Project("{9A19103F-16F7-4668-BE54-9A1E7A4F7556}") = "Example2869", "Example2869\Example2869.csproj", "{D99A7034-900B-4FA1-98BD-850B4D9F2519}"
EndProject
Project("{9A19103F-16F7-4668-BE54-9A1E7A4F7556}") = "Example11050", "Example11050\Example11050.csproj", "{43FF00B9-2B8F-40DD-A869-43F49DCA9446}"
EndProject
Project("{9A19103F-16F7-4668-BE54-9A1E7A4F7556}") = "Example1181", "Example1181\Example1181.csproj", "{02EEDACA-4F9D-4A6F-812D-C124239FFD0C}"
EndProject
Project("{9A19103F-16F7-4668-BE54-9A1E7A4F7556}") = "Example1436", "Example1436\Example1436.csproj", "{4E3FBEA3-FBF7-47DF-84BF-2A95B112D813}"
EndProject
Project("{9A19103F-16F7-4668-BE54-9A1E7A4F7556}") = "Example2609", "Example2609\Example2609.csproj", "{247F13E3-D380-45AB-B12D-649CBCB0AC13}"
EndProject
Project("{9A19103F-16F7-4668-BE54-9A1E7A4F7556}") = "Example2751", "Example2751\Example2751.csproj", "{90D50447-3E9C-4BA8-847D-F6106DF6394A}"
EndProject
Project("{9A19103F-16F7-4668-BE54-9A1E7A4F7556}") = "Example7568", "Example7568\Example7568.csproj", "{AB7BF1D9-2C3E-4716-802C-6028D6EDCE83}"
EndProject
Project("{9A19103F-16F7-4668-BE54-9A1E7A4F7556}") = "Example10814", "Example10814\Example10814.csproj", "{3C4D376C-5DB2-41E3-954C-ED90B25CA388}"
EndProject
Project("{FAE04EC0-301F-11D3-BF4B-00C04F79EFBC}") = "Example10989", "Example10989\Example10989.csproj", "{645C8C62-1D2E-462E-9861-333868F61829}"
EndProject
Project("{FAE04EC0-301F-11D3-BF4B-00C04F79EFBC}") = "Example11650", "Example11650\Example11650.csproj", "{EB582945-D05A-4463-BB6A-D1B04BE4517A}"
EndProject
Global
	GlobalSection(SolutionConfigurationPlatforms) = preSolution
		Debug|Any CPU = Debug|Any CPU
		Release|Any CPU = Release|Any CPU
	EndGlobalSection
	GlobalSection(ProjectConfigurationPlatforms) = postSolution
		{E6048291-CEE4-4311-8FB4-5351EECC033F}.Debug|Any CPU.ActiveCfg = Debug|Any CPU
		{E6048291-CEE4-4311-8FB4-5351EECC033F}.Debug|Any CPU.Build.0 = Debug|Any CPU
		{E6048291-CEE4-4311-8FB4-5351EECC033F}.Release|Any CPU.ActiveCfg = Release|Any CPU
		{E6048291-CEE4-4311-8FB4-5351EECC033F}.Release|Any CPU.Build.0 = Release|Any CPU
		{323534E6-AC7D-4FA2-B424-C07597C7A63C}.Debug|Any CPU.ActiveCfg = Debug|Any CPU
		{323534E6-AC7D-4FA2-B424-C07597C7A63C}.Debug|Any CPU.Build.0 = Debug|Any CPU
		{323534E6-AC7D-4FA2-B424-C07597C7A63C}.Release|Any CPU.ActiveCfg = Release|Any CPU
		{323534E6-AC7D-4FA2-B424-C07597C7A63C}.Release|Any CPU.Build.0 = Release|Any CPU
		{0592F073-06E3-4CF8-9DDE-63752AE582ED}.Debug|Any CPU.ActiveCfg = Debug|Any CPU
		{0592F073-06E3-4CF8-9DDE-63752AE582ED}.Debug|Any CPU.Build.0 = Debug|Any CPU
		{0592F073-06E3-4CF8-9DDE-63752AE582ED}.Release|Any CPU.ActiveCfg = Release|Any CPU
		{0592F073-06E3-4CF8-9DDE-63752AE582ED}.Release|Any CPU.Build.0 = Release|Any CPU
		{A26FAC3C-323F-414C-9208-2DC50E74F807}.Debug|Any CPU.ActiveCfg = Debug|Any CPU
		{A26FAC3C-323F-414C-9208-2DC50E74F807}.Debug|Any CPU.Build.0 = Debug|Any CPU
		{A26FAC3C-323F-414C-9208-2DC50E74F807}.Release|Any CPU.ActiveCfg = Release|Any CPU
		{A26FAC3C-323F-414C-9208-2DC50E74F807}.Release|Any CPU.Build.0 = Release|Any CPU
		{D82267E7-B3E2-4353-B46F-12BE51AAA547}.Debug|Any CPU.ActiveCfg = Debug|Any CPU
		{D82267E7-B3E2-4353-B46F-12BE51AAA547}.Debug|Any CPU.Build.0 = Debug|Any CPU
		{D82267E7-B3E2-4353-B46F-12BE51AAA547}.Release|Any CPU.ActiveCfg = Release|Any CPU
		{D82267E7-B3E2-4353-B46F-12BE51AAA547}.Release|Any CPU.Build.0 = Release|Any CPU
		{27042F71-2C6F-4CA4-899E-8AE353C19062}.Debug|Any CPU.ActiveCfg = Debug|Any CPU
		{27042F71-2C6F-4CA4-899E-8AE353C19062}.Debug|Any CPU.Build.0 = Debug|Any CPU
		{27042F71-2C6F-4CA4-899E-8AE353C19062}.Release|Any CPU.ActiveCfg = Release|Any CPU
		{27042F71-2C6F-4CA4-899E-8AE353C19062}.Release|Any CPU.Build.0 = Release|Any CPU
		{5E4B5ED5-5E9A-4E53-8D62-7CCD922C6E78}.Debug|Any CPU.ActiveCfg = Debug|Any CPU
		{5E4B5ED5-5E9A-4E53-8D62-7CCD922C6E78}.Debug|Any CPU.Build.0 = Debug|Any CPU
		{5E4B5ED5-5E9A-4E53-8D62-7CCD922C6E78}.Release|Any CPU.ActiveCfg = Release|Any CPU
		{5E4B5ED5-5E9A-4E53-8D62-7CCD922C6E78}.Release|Any CPU.Build.0 = Release|Any CPU
		{D5259290-3D12-46B7-9FA4-2D64F5489962}.Debug|Any CPU.ActiveCfg = Debug|Any CPU
		{D5259290-3D12-46B7-9FA4-2D64F5489962}.Debug|Any CPU.Build.0 = Debug|Any CPU
		{D5259290-3D12-46B7-9FA4-2D64F5489962}.Release|Any CPU.ActiveCfg = Release|Any CPU
		{D5259290-3D12-46B7-9FA4-2D64F5489962}.Release|Any CPU.Build.0 = Release|Any CPU
		{4BA4EC0A-4F77-41CE-823E-502D4E48E14C}.Debug|Any CPU.ActiveCfg = Debug|Any CPU
		{4BA4EC0A-4F77-41CE-823E-502D4E48E14C}.Debug|Any CPU.Build.0 = Debug|Any CPU
		{4BA4EC0A-4F77-41CE-823E-502D4E48E14C}.Release|Any CPU.ActiveCfg = Release|Any CPU
		{4BA4EC0A-4F77-41CE-823E-502D4E48E14C}.Release|Any CPU.Build.0 = Release|Any CPU
		{AF490DBB-5255-4E3C-AE5D-9D953CE1D349}.Debug|Any CPU.ActiveCfg = Debug|Any CPU
		{AF490DBB-5255-4E3C-AE5D-9D953CE1D349}.Debug|Any CPU.Build.0 = Debug|Any CPU
		{AF490DBB-5255-4E3C-AE5D-9D953CE1D349}.Release|Any CPU.ActiveCfg = Release|Any CPU
		{AF490DBB-5255-4E3C-AE5D-9D953CE1D349}.Release|Any CPU.Build.0 = Release|Any CPU
		{D3F0C121-5955-4901-8206-E5E28C1CB017}.Debug|Any CPU.ActiveCfg = Debug|Any CPU
		{D3F0C121-5955-4901-8206-E5E28C1CB017}.Debug|Any CPU.Build.0 = Debug|Any CPU
		{D3F0C121-5955-4901-8206-E5E28C1CB017}.Release|Any CPU.ActiveCfg = Release|Any CPU
		{D3F0C121-5955-4901-8206-E5E28C1CB017}.Release|Any CPU.Build.0 = Release|Any CPU
		{D99A7034-900B-4FA1-98BD-850B4D9F2519}.Debug|Any CPU.ActiveCfg = Debug|Any CPU
		{D99A7034-900B-4FA1-98BD-850B4D9F2519}.Debug|Any CPU.Build.0 = Debug|Any CPU
		{D99A7034-900B-4FA1-98BD-850B4D9F2519}.Release|Any CPU.ActiveCfg = Release|Any CPU
		{D99A7034-900B-4FA1-98BD-850B4D9F2519}.Release|Any CPU.Build.0 = Release|Any CPU
		{43FF00B9-2B8F-40DD-A869-43F49DCA9446}.Debug|Any CPU.ActiveCfg = Debug|Any CPU
		{43FF00B9-2B8F-40DD-A869-43F49DCA9446}.Debug|Any CPU.Build.0 = Debug|Any CPU
		{43FF00B9-2B8F-40DD-A869-43F49DCA9446}.Release|Any CPU.ActiveCfg = Release|Any CPU
		{43FF00B9-2B8F-40DD-A869-43F49DCA9446}.Release|Any CPU.Build.0 = Release|Any CPU
		{02EEDACA-4F9D-4A6F-812D-C124239FFD0C}.Debug|Any CPU.ActiveCfg = Debug|Any CPU
		{02EEDACA-4F9D-4A6F-812D-C124239FFD0C}.Debug|Any CPU.Build.0 = Debug|Any CPU
		{02EEDACA-4F9D-4A6F-812D-C124239FFD0C}.Release|Any CPU.ActiveCfg = Release|Any CPU
		{02EEDACA-4F9D-4A6F-812D-C124239FFD0C}.Release|Any CPU.Build.0 = Release|Any CPU
		{4E3FBEA3-FBF7-47DF-84BF-2A95B112D813}.Debug|Any CPU.ActiveCfg = Debug|Any CPU
		{4E3FBEA3-FBF7-47DF-84BF-2A95B112D813}.Debug|Any CPU.Build.0 = Debug|Any CPU
		{4E3FBEA3-FBF7-47DF-84BF-2A95B112D813}.Release|Any CPU.ActiveCfg = Release|Any CPU
		{4E3FBEA3-FBF7-47DF-84BF-2A95B112D813}.Release|Any CPU.Build.0 = Release|Any CPU
		{247F13E3-D380-45AB-B12D-649CBCB0AC13}.Debug|Any CPU.ActiveCfg = Debug|Any CPU
		{247F13E3-D380-45AB-B12D-649CBCB0AC13}.Debug|Any CPU.Build.0 = Debug|Any CPU
		{247F13E3-D380-45AB-B12D-649CBCB0AC13}.Release|Any CPU.ActiveCfg = Release|Any CPU
		{247F13E3-D380-45AB-B12D-649CBCB0AC13}.Release|Any CPU.Build.0 = Release|Any CPU
		{90D50447-3E9C-4BA8-847D-F6106DF6394A}.Debug|Any CPU.ActiveCfg = Debug|Any CPU
		{90D50447-3E9C-4BA8-847D-F6106DF6394A}.Debug|Any CPU.Build.0 = Debug|Any CPU
		{90D50447-3E9C-4BA8-847D-F6106DF6394A}.Release|Any CPU.ActiveCfg = Release|Any CPU
		{90D50447-3E9C-4BA8-847D-F6106DF6394A}.Release|Any CPU.Build.0 = Release|Any CPU
		{AB7BF1D9-2C3E-4716-802C-6028D6EDCE83}.Debug|Any CPU.ActiveCfg = Debug|Any CPU
		{AB7BF1D9-2C3E-4716-802C-6028D6EDCE83}.Debug|Any CPU.Build.0 = Debug|Any CPU
		{AB7BF1D9-2C3E-4716-802C-6028D6EDCE83}.Release|Any CPU.ActiveCfg = Release|Any CPU
		{AB7BF1D9-2C3E-4716-802C-6028D6EDCE83}.Release|Any CPU.Build.0 = Release|Any CPU
		{3C4D376C-5DB2-41E3-954C-ED90B25CA388}.Debug|Any CPU.ActiveCfg = Debug|Any CPU
		{3C4D376C-5DB2-41E3-954C-ED90B25CA388}.Debug|Any CPU.Build.0 = Debug|Any CPU
		{3C4D376C-5DB2-41E3-954C-ED90B25CA388}.Release|Any CPU.ActiveCfg = Release|Any CPU
		{3C4D376C-5DB2-41E3-954C-ED90B25CA388}.Release|Any CPU.Build.0 = Release|Any CPU
		{645C8C62-1D2E-462E-9861-333868F61829}.Debug|Any CPU.ActiveCfg = Debug|Any CPU
		{645C8C62-1D2E-462E-9861-333868F61829}.Debug|Any CPU.Build.0 = Debug|Any CPU
		{645C8C62-1D2E-462E-9861-333868F61829}.Release|Any CPU.ActiveCfg = Release|Any CPU
		{645C8C62-1D2E-462E-9861-333868F61829}.Release|Any CPU.Build.0 = Release|Any CPU
		{EB582945-D05A-4463-BB6A-D1B04BE4517A}.Debug|Any CPU.ActiveCfg = Debug|Any CPU
		{EB582945-D05A-4463-BB6A-D1B04BE4517A}.Debug|Any CPU.Build.0 = Debug|Any CPU
		{EB582945-D05A-4463-BB6A-D1B04BE4517A}.Release|Any CPU.ActiveCfg = Release|Any CPU
		{EB582945-D05A-4463-BB6A-D1B04BE4517A}.Release|Any CPU.Build.0 = Release|Any CPU
	EndGlobalSection
	GlobalSection(SolutionProperties) = preSolution
		HideSolutionNode = FALSE
	EndGlobalSection
	GlobalSection(ExtensibilityGlobals) = postSolution
		SolutionGuid = {B93DAF23-108C-479D-B8B9-65F99438F930}
	EndGlobalSection
EndGlobal
