
Microsoft Visual Studio Solution File, Format Version 12.00
# Visual Studio 15
VisualStudioVersion = 15.0.28307.1300
MinimumVisualStudioVersion = 10.0.40219.1
Project("{9A19103F-16F7-4668-BE54-9A1E7A4F7556}") = "Example1463", "Example1463\Example1463.csproj", "{75329A42-D88D-4E9B-B920-05C1D1D2EDA4}"
EndProject
Project("{9A19103F-16F7-4668-BE54-9A1E7A4F7556}") = "Example11726", "Example11726\Example11726.csproj", "{677F5308-899C-4C8F-A01E-2855951164D0}"
EndProject
Project("{9A19103F-16F7-4668-BE54-9A1E7A4F7556}") = "Example11727", "Example11727\Example11727.csproj", "{21C43299-5566-4984-AE63-69913C054BA3}"
EndProject
Project("{FAE04EC0-301F-11D3-BF4B-00C04F79EFBC}") = "Example9095", "Example9095\Example9095.csproj", "{C57099A5-0E29-4422-A698-95F195568B46}"
EndProject
Global
	GlobalSection(SolutionConfigurationPlatforms) = preSolution
		Debug|Any CPU = Debug|Any CPU
		Release|Any CPU = Release|Any CPU
	EndGlobalSection
	GlobalSection(ProjectConfigurationPlatforms) = postSolution
		{75329A42-D88D-4E9B-B920-05C1D1D2EDA4}.Debug|Any CPU.ActiveCfg = Debug|Any CPU
		{75329A42-D88D-4E9B-B920-05C1D1D2EDA4}.Debug|Any CPU.Build.0 = Debug|Any CPU
		{75329A42-D88D-4E9B-B920-05C1D1D2EDA4}.Release|Any CPU.ActiveCfg = Release|Any CPU
		{75329A42-D88D-4E9B-B920-05C1D1D2EDA4}.Release|Any CPU.Build.0 = Release|Any CPU
		{677F5308-899C-4C8F-A01E-2855951164D0}.Debug|Any CPU.ActiveCfg = Debug|Any CPU
		{677F5308-899C-4C8F-A01E-2855951164D0}.Debug|Any CPU.Build.0 = Debug|Any CPU
		{677F5308-899C-4C8F-A01E-2855951164D0}.Release|Any CPU.ActiveCfg = Release|Any CPU
		{677F5308-899C-4C8F-A01E-2855951164D0}.Release|Any CPU.Build.0 = Release|Any CPU
		{21C43299-5566-4984-AE63-69913C054BA3}.Debug|Any CPU.ActiveCfg = Debug|Any CPU
		{21C43299-5566-4984-AE63-69913C054BA3}.Debug|Any CPU.Build.0 = Debug|Any CPU
		{21C43299-5566-4984-AE63-69913C054BA3}.Release|Any CPU.ActiveCfg = Release|Any CPU
		{21C43299-5566-4984-AE63-69913C054BA3}.Release|Any CPU.Build.0 = Release|Any CPU
		{C57099A5-0E29-4422-A698-95F195568B46}.Debug|Any CPU.ActiveCfg = Debug|Any CPU
		{C57099A5-0E29-4422-A698-95F195568B46}.Debug|Any CPU.Build.0 = Debug|Any CPU
		{C57099A5-0E29-4422-A698-95F195568B46}.Release|Any CPU.ActiveCfg = Release|Any CPU
		{C57099A5-0E29-4422-A698-95F195568B46}.Release|Any CPU.Build.0 = Release|Any CPU
	EndGlobalSection
	GlobalSection(SolutionProperties) = preSolution
		HideSolutionNode = FALSE
	EndGlobalSection
	GlobalSection(ExtensibilityGlobals) = postSolution
		SolutionGuid = {5DD4891F-E116-4E9A-8E52-89BC49FB161A}
	EndGlobalSection
EndGlobal
