
Microsoft Visual Studio Solution File, Format Version 12.00
# Visual Studio 15
VisualStudioVersion = 15.0.28307.1300
MinimumVisualStudioVersion = 10.0.40219.1
Project("{9A19103F-16F7-4668-BE54-9A1E7A4F7556}") = "Example1463", "Example1463\Example1463.csproj", "{75329A42-D88D-4E9B-B920-05C1D1D2EDA4}"
EndProject
Project("{9A19103F-16F7-4668-BE54-9A1E7A4F7556}") = "Example11726", "Example11726\Example11726.csproj", "{677F5308-899C-4C8F-A01E-2855951164D0}"
EndProject
Project("{9A19103F-16F7-4668-BE54-9A1E7A4F7556}") = "Example11727", "Example11727\Example11727.csproj", "{21C43299-5566-4984-AE63-69913C054BA3}"
EndProject
Project("{9A19103F-16F7-4668-BE54-9A1E7A4F7556}") = "Example9095", "Example9095\Example9095.csproj", "{C57099A5-0E29-4422-A698-95F195568B46}"
EndProject
Project("{9A19103F-16F7-4668-BE54-9A1E7A4F7556}") = "Example10844", "Example10844\Example10844.csproj", "{17D94E0A-E4B6-4920-80CB-AB8FFE3FF2BB}"
EndProject
Project("{9A19103F-16F7-4668-BE54-9A1E7A4F7556}") = "Example11057", "Example11057\Example11057.csproj", "{22F230C7-B14C-4694-B79B-2FA1A5124BDE}"
EndProject
Project("{9A19103F-16F7-4668-BE54-9A1E7A4F7556}") = "Example2193", "Example2193\Example2193.csproj", "{3F84A00D-4390-49AB-80B6-AD5970CAB78C}"
EndProject
Project("{9A19103F-16F7-4668-BE54-9A1E7A4F7556}") = "Example9465", "Example9465\Example9465.csproj", "{72D67D65-E01F-4936-92B4-876193E70A89}"
EndProject
Project("{9A19103F-16F7-4668-BE54-9A1E7A4F7556}") = "Example2156", "Example2156\Example2156.csproj", "{3F894C8D-F169-445A-853F-27F1D4587BBC}"
EndProject
Project("{9A19103F-16F7-4668-BE54-9A1E7A4F7556}") = "Example11053", "Example11053\Example11053.csproj", "{CE2F728B-2309-4D54-882D-5E3F82E5F9C6}"
EndProject
Project("{9A19103F-16F7-4668-BE54-9A1E7A4F7556}") = "Example11055", "Example11055\Example11055.csproj", "{F9814B59-1169-43DA-96FB-6176BEE1937C}"
EndProject
Project("{9A19103F-16F7-4668-BE54-9A1E7A4F7556}") = "Example11722", "Example11722\Example11722.csproj", "{8D4836DA-CC0F-4544-B5CD-7261A2834528}"
EndProject
Project("{9A19103F-16F7-4668-BE54-9A1E7A4F7556}") = "Example11054", "Example11054\Example11054.csproj", "{E091A6AB-9F63-465B-A2A2-9C45949A5A0F}"
EndProject
Project("{9A19103F-16F7-4668-BE54-9A1E7A4F7556}") = "Example1912", "Example1912\Example1912.csproj", "{5D1BA1A4-D749-4E64-BD35-1154D55EAD4A}"
EndProject
Project("{9A19103F-16F7-4668-BE54-9A1E7A4F7556}") = "Example2579", "Example2579\Example2579.csproj", "{A9F86A23-D66C-4466-A58E-FFA4920A8F38}"
EndProject
Project("{9A19103F-16F7-4668-BE54-9A1E7A4F7556}") = "Example1699", "Example1699\Example1699.csproj", "{290210C1-1259-4529-B679-B8D105501745}"
EndProject
Project("{9A19103F-16F7-4668-BE54-9A1E7A4F7556}") = "Example2133", "Example2133\Example2133.csproj", "{E5E859D1-558B-454A-BFCD-B693394CEA64}"
EndProject
Project("{FAE04EC0-301F-11D3-BF4B-00C04F79EFBC}") = "Example9461", "Example9461\Example9461.csproj", "{C7D6424F-CFA6-4712-B309-4CAF268D44A1}"
EndProject
Global
	GlobalSection(SolutionConfigurationPlatforms) = preSolution
		Debug|Any CPU = Debug|Any CPU
		Release|Any CPU = Release|Any CPU
	EndGlobalSection
	GlobalSection(ProjectConfigurationPlatforms) = postSolution
		{75329A42-D88D-4E9B-B920-05C1D1D2EDA4}.Debug|Any CPU.ActiveCfg = Debug|Any CPU
		{75329A42-D88D-4E9B-B920-05C1D1D2EDA4}.Debug|Any CPU.Build.0 = Debug|Any CPU
		{75329A42-D88D-4E9B-B920-05C1D1D2EDA4}.Release|Any CPU.ActiveCfg = Release|Any CPU
		{75329A42-D88D-4E9B-B920-05C1D1D2EDA4}.Release|Any CPU.Build.0 = Release|Any CPU
		{677F5308-899C-4C8F-A01E-2855951164D0}.Debug|Any CPU.ActiveCfg = Debug|Any CPU
		{677F5308-899C-4C8F-A01E-2855951164D0}.Debug|Any CPU.Build.0 = Debug|Any CPU
		{677F5308-899C-4C8F-A01E-2855951164D0}.Release|Any CPU.ActiveCfg = Release|Any CPU
		{677F5308-899C-4C8F-A01E-2855951164D0}.Release|Any CPU.Build.0 = Release|Any CPU
		{21C43299-5566-4984-AE63-69913C054BA3}.Debug|Any CPU.ActiveCfg = Debug|Any CPU
		{21C43299-5566-4984-AE63-69913C054BA3}.Debug|Any CPU.Build.0 = Debug|Any CPU
		{21C43299-5566-4984-AE63-69913C054BA3}.Release|Any CPU.ActiveCfg = Release|Any CPU
		{21C43299-5566-4984-AE63-69913C054BA3}.Release|Any CPU.Build.0 = Release|Any CPU
		{C57099A5-0E29-4422-A698-95F195568B46}.Debug|Any CPU.ActiveCfg = Debug|Any CPU
		{C57099A5-0E29-4422-A698-95F195568B46}.Debug|Any CPU.Build.0 = Debug|Any CPU
		{C57099A5-0E29-4422-A698-95F195568B46}.Release|Any CPU.ActiveCfg = Release|Any CPU
		{C57099A5-0E29-4422-A698-95F195568B46}.Release|Any CPU.Build.0 = Release|Any CPU
		{17D94E0A-E4B6-4920-80CB-AB8FFE3FF2BB}.Debug|Any CPU.ActiveCfg = Debug|Any CPU
		{17D94E0A-E4B6-4920-80CB-AB8FFE3FF2BB}.Debug|Any CPU.Build.0 = Debug|Any CPU
		{17D94E0A-E4B6-4920-80CB-AB8FFE3FF2BB}.Release|Any CPU.ActiveCfg = Release|Any CPU
		{17D94E0A-E4B6-4920-80CB-AB8FFE3FF2BB}.Release|Any CPU.Build.0 = Release|Any CPU
		{22F230C7-B14C-4694-B79B-2FA1A5124BDE}.Debug|Any CPU.ActiveCfg = Debug|Any CPU
		{22F230C7-B14C-4694-B79B-2FA1A5124BDE}.Debug|Any CPU.Build.0 = Debug|Any CPU
		{22F230C7-B14C-4694-B79B-2FA1A5124BDE}.Release|Any CPU.ActiveCfg = Release|Any CPU
		{22F230C7-B14C-4694-B79B-2FA1A5124BDE}.Release|Any CPU.Build.0 = Release|Any CPU
		{3F84A00D-4390-49AB-80B6-AD5970CAB78C}.Debug|Any CPU.ActiveCfg = Debug|Any CPU
		{3F84A00D-4390-49AB-80B6-AD5970CAB78C}.Debug|Any CPU.Build.0 = Debug|Any CPU
		{3F84A00D-4390-49AB-80B6-AD5970CAB78C}.Release|Any CPU.ActiveCfg = Release|Any CPU
		{3F84A00D-4390-49AB-80B6-AD5970CAB78C}.Release|Any CPU.Build.0 = Release|Any CPU
		{72D67D65-E01F-4936-92B4-876193E70A89}.Debug|Any CPU.ActiveCfg = Debug|Any CPU
		{72D67D65-E01F-4936-92B4-876193E70A89}.Debug|Any CPU.Build.0 = Debug|Any CPU
		{72D67D65-E01F-4936-92B4-876193E70A89}.Release|Any CPU.ActiveCfg = Release|Any CPU
		{72D67D65-E01F-4936-92B4-876193E70A89}.Release|Any CPU.Build.0 = Release|Any CPU
		{3F894C8D-F169-445A-853F-27F1D4587BBC}.Debug|Any CPU.ActiveCfg = Debug|Any CPU
		{3F894C8D-F169-445A-853F-27F1D4587BBC}.Debug|Any CPU.Build.0 = Debug|Any CPU
		{3F894C8D-F169-445A-853F-27F1D4587BBC}.Release|Any CPU.ActiveCfg = Release|Any CPU
		{3F894C8D-F169-445A-853F-27F1D4587BBC}.Release|Any CPU.Build.0 = Release|Any CPU
		{CE2F728B-2309-4D54-882D-5E3F82E5F9C6}.Debug|Any CPU.ActiveCfg = Debug|Any CPU
		{CE2F728B-2309-4D54-882D-5E3F82E5F9C6}.Debug|Any CPU.Build.0 = Debug|Any CPU
		{CE2F728B-2309-4D54-882D-5E3F82E5F9C6}.Release|Any CPU.ActiveCfg = Release|Any CPU
		{CE2F728B-2309-4D54-882D-5E3F82E5F9C6}.Release|Any CPU.Build.0 = Release|Any CPU
		{F9814B59-1169-43DA-96FB-6176BEE1937C}.Debug|Any CPU.ActiveCfg = Debug|Any CPU
		{F9814B59-1169-43DA-96FB-6176BEE1937C}.Debug|Any CPU.Build.0 = Debug|Any CPU
		{F9814B59-1169-43DA-96FB-6176BEE1937C}.Release|Any CPU.ActiveCfg = Release|Any CPU
		{F9814B59-1169-43DA-96FB-6176BEE1937C}.Release|Any CPU.Build.0 = Release|Any CPU
		{8D4836DA-CC0F-4544-B5CD-7261A2834528}.Debug|Any CPU.ActiveCfg = Debug|Any CPU
		{8D4836DA-CC0F-4544-B5CD-7261A2834528}.Debug|Any CPU.Build.0 = Debug|Any CPU
		{8D4836DA-CC0F-4544-B5CD-7261A2834528}.Release|Any CPU.ActiveCfg = Release|Any CPU
		{8D4836DA-CC0F-4544-B5CD-7261A2834528}.Release|Any CPU.Build.0 = Release|Any CPU
		{E091A6AB-9F63-465B-A2A2-9C45949A5A0F}.Debug|Any CPU.ActiveCfg = Debug|Any CPU
		{E091A6AB-9F63-465B-A2A2-9C45949A5A0F}.Debug|Any CPU.Build.0 = Debug|Any CPU
		{E091A6AB-9F63-465B-A2A2-9C45949A5A0F}.Release|Any CPU.ActiveCfg = Release|Any CPU
		{E091A6AB-9F63-465B-A2A2-9C45949A5A0F}.Release|Any CPU.Build.0 = Release|Any CPU
		{5D1BA1A4-D749-4E64-BD35-1154D55EAD4A}.Debug|Any CPU.ActiveCfg = Debug|Any CPU
		{5D1BA1A4-D749-4E64-BD35-1154D55EAD4A}.Debug|Any CPU.Build.0 = Debug|Any CPU
		{5D1BA1A4-D749-4E64-BD35-1154D55EAD4A}.Release|Any CPU.ActiveCfg = Release|Any CPU
		{5D1BA1A4-D749-4E64-BD35-1154D55EAD4A}.Release|Any CPU.Build.0 = Release|Any CPU
		{A9F86A23-D66C-4466-A58E-FFA4920A8F38}.Debug|Any CPU.ActiveCfg = Debug|Any CPU
		{A9F86A23-D66C-4466-A58E-FFA4920A8F38}.Debug|Any CPU.Build.0 = Debug|Any CPU
		{A9F86A23-D66C-4466-A58E-FFA4920A8F38}.Release|Any CPU.ActiveCfg = Release|Any CPU
		{A9F86A23-D66C-4466-A58E-FFA4920A8F38}.Release|Any CPU.Build.0 = Release|Any CPU
		{290210C1-1259-4529-B679-B8D105501745}.Debug|Any CPU.ActiveCfg = Debug|Any CPU
		{290210C1-1259-4529-B679-B8D105501745}.Debug|Any CPU.Build.0 = Debug|Any CPU
		{290210C1-1259-4529-B679-B8D105501745}.Release|Any CPU.ActiveCfg = Release|Any CPU
		{290210C1-1259-4529-B679-B8D105501745}.Release|Any CPU.Build.0 = Release|Any CPU
		{E5E859D1-558B-454A-BFCD-B693394CEA64}.Debug|Any CPU.ActiveCfg = Debug|Any CPU
		{E5E859D1-558B-454A-BFCD-B693394CEA64}.Debug|Any CPU.Build.0 = Debug|Any CPU
		{E5E859D1-558B-454A-BFCD-B693394CEA64}.Release|Any CPU.ActiveCfg = Release|Any CPU
		{E5E859D1-558B-454A-BFCD-B693394CEA64}.Release|Any CPU.Build.0 = Release|Any CPU
		{C7D6424F-CFA6-4712-B309-4CAF268D44A1}.Debug|Any CPU.ActiveCfg = Debug|Any CPU
		{C7D6424F-CFA6-4712-B309-4CAF268D44A1}.Debug|Any CPU.Build.0 = Debug|Any CPU
		{C7D6424F-CFA6-4712-B309-4CAF268D44A1}.Release|Any CPU.ActiveCfg = Release|Any CPU
		{C7D6424F-CFA6-4712-B309-4CAF268D44A1}.Release|Any CPU.Build.0 = Release|Any CPU
	EndGlobalSection
	GlobalSection(SolutionProperties) = preSolution
		HideSolutionNode = FALSE
	EndGlobalSection
	GlobalSection(ExtensibilityGlobals) = postSolution
		SolutionGuid = {5DD4891F-E116-4E9A-8E52-89BC49FB161A}
	EndGlobalSection
EndGlobal
