
Microsoft Visual Studio Solution File, Format Version 12.00
# Visual Studio 15
VisualStudioVersion = 15.0.28307.1062
MinimumVisualStudioVersion = 10.0.40219.1
Project("{9A19103F-16F7-4668-BE54-9A1E7A4F7556}") = "Example2557_HelloWorld", "InputAndOutput\Example2557_HelloWorld.csproj", "{90594FD7-99A4-4488-96F0-CB15E24FBDF7}"
EndProject
Project("{9A19103F-16F7-4668-BE54-9A1E7A4F7556}") = "Example1000", "Example1000\Example1000.csproj", "{0E32BB09-AE6A-43F3-A4E1-277ECEF8D0AE}"
EndProject
Project("{9A19103F-16F7-4668-BE54-9A1E7A4F7556}") = "Example2558", "Example2558\Example2558.csproj", "{D6462381-5F6B-40EC-852F-BC290FE7D9D9}"
EndProject
Project("{9A19103F-16F7-4668-BE54-9A1E7A4F7556}") = "Example10950", "Example10950\Example10950.csproj", "{3F5C837B-1610-4629-8AB9-897DE1C5D2CC}"
EndProject
Project("{9A19103F-16F7-4668-BE54-9A1E7A4F7556}") = "Example10951", "Example10951\Example10951.csproj", "{E26E1B49-5D0A-415F-9CAE-4A67943D16C0}"
EndProject
Project("{9A19103F-16F7-4668-BE54-9A1E7A4F7556}") = "Example10952", "Example10952\Example10952.csproj", "{5768D20D-C50A-4482-9A47-178AD08DD041}"
EndProject
Project("{9A19103F-16F7-4668-BE54-9A1E7A4F7556}") = "Example10953", "Example10953\Example10953.csproj", "{8CF87C78-93F8-45E8-B1C0-E2A581D17B36}"
EndProject
Project("{9A19103F-16F7-4668-BE54-9A1E7A4F7556}") = "Example11021", "Example11021\Example11021.csproj", "{EAC0D629-A58D-46B3-857F-9D549B24A2D1}"
EndProject
Project("{9A19103F-16F7-4668-BE54-9A1E7A4F7556}") = "Example11022", "Example11022\Example11022.csproj", "{1A155E5C-96EC-41A7-8283-55348E3EC2D1}"
EndProject
Project("{9A19103F-16F7-4668-BE54-9A1E7A4F7556}") = "Example11718", "Example11718\Example11718.csproj", "{64C8C1CF-DAAA-4479-8DEE-14AEF651B094}"
EndProject
Project("{9A19103F-16F7-4668-BE54-9A1E7A4F7556}") = "Example11719", "Example11719\Example11719.csproj", "{0CE74B04-3A58-42B0-9636-347BB1073CB7}"
EndProject
Project("{9A19103F-16F7-4668-BE54-9A1E7A4F7556}") = "Example11720", "Example11720\Example11720.csproj", "{7818C892-A30D-4A79-A82E-F632D2951157}"
EndProject
Project("{9A19103F-16F7-4668-BE54-9A1E7A4F7556}") = "Example11721", "Example11721\Example11721.csproj", "{EEF66D50-804E-4DB4-8338-7A140B6320E4}"
EndProject
Project("{9A19103F-16F7-4668-BE54-9A1E7A4F7556}") = "Example2741", "Example2741\Example2741.csproj", "{B3645CEF-AA13-4E78-8AD3-C4E7272BB6C0}"
EndProject
Project("{9A19103F-16F7-4668-BE54-9A1E7A4F7556}") = "Example2742", "Example2742\Example2742.csproj", "{3574A819-0154-42CB-B8CA-DFDB0A9C37CC}"
EndProject
Project("{9A19103F-16F7-4668-BE54-9A1E7A4F7556}") = "Example2739", "Example2739\Example2739.csproj", "{E4286035-C9EC-4DD8-83DD-DD2F8C5BEFDA}"
EndProject
Project("{9A19103F-16F7-4668-BE54-9A1E7A4F7556}") = "Example1924", "Example1924\Example1924.csproj", "{1238D04C-632F-428B-8D08-5DBD90A389D0}"
EndProject
Project("{FAE04EC0-301F-11D3-BF4B-00C04F79EFBC}") = "Example8393", "Example8393\Example8393.csproj", "{2D7E575D-AF61-4F3A-ACDD-D466A6F52D22}"
EndProject
Global
	GlobalSection(SolutionConfigurationPlatforms) = preSolution
		Debug|Any CPU = Debug|Any CPU
		Release|Any CPU = Release|Any CPU
	EndGlobalSection
	GlobalSection(ProjectConfigurationPlatforms) = postSolution
		{90594FD7-99A4-4488-96F0-CB15E24FBDF7}.Debug|Any CPU.ActiveCfg = Debug|Any CPU
		{90594FD7-99A4-4488-96F0-CB15E24FBDF7}.Debug|Any CPU.Build.0 = Debug|Any CPU
		{90594FD7-99A4-4488-96F0-CB15E24FBDF7}.Release|Any CPU.ActiveCfg = Release|Any CPU
		{90594FD7-99A4-4488-96F0-CB15E24FBDF7}.Release|Any CPU.Build.0 = Release|Any CPU
		{0E32BB09-AE6A-43F3-A4E1-277ECEF8D0AE}.Debug|Any CPU.ActiveCfg = Debug|Any CPU
		{0E32BB09-AE6A-43F3-A4E1-277ECEF8D0AE}.Debug|Any CPU.Build.0 = Debug|Any CPU
		{0E32BB09-AE6A-43F3-A4E1-277ECEF8D0AE}.Release|Any CPU.ActiveCfg = Release|Any CPU
		{0E32BB09-AE6A-43F3-A4E1-277ECEF8D0AE}.Release|Any CPU.Build.0 = Release|Any CPU
		{D6462381-5F6B-40EC-852F-BC290FE7D9D9}.Debug|Any CPU.ActiveCfg = Debug|Any CPU
		{D6462381-5F6B-40EC-852F-BC290FE7D9D9}.Debug|Any CPU.Build.0 = Debug|Any CPU
		{D6462381-5F6B-40EC-852F-BC290FE7D9D9}.Release|Any CPU.ActiveCfg = Release|Any CPU
		{D6462381-5F6B-40EC-852F-BC290FE7D9D9}.Release|Any CPU.Build.0 = Release|Any CPU
		{3F5C837B-1610-4629-8AB9-897DE1C5D2CC}.Debug|Any CPU.ActiveCfg = Debug|Any CPU
		{3F5C837B-1610-4629-8AB9-897DE1C5D2CC}.Debug|Any CPU.Build.0 = Debug|Any CPU
		{3F5C837B-1610-4629-8AB9-897DE1C5D2CC}.Release|Any CPU.ActiveCfg = Release|Any CPU
		{3F5C837B-1610-4629-8AB9-897DE1C5D2CC}.Release|Any CPU.Build.0 = Release|Any CPU
		{E26E1B49-5D0A-415F-9CAE-4A67943D16C0}.Debug|Any CPU.ActiveCfg = Debug|Any CPU
		{E26E1B49-5D0A-415F-9CAE-4A67943D16C0}.Debug|Any CPU.Build.0 = Debug|Any CPU
		{E26E1B49-5D0A-415F-9CAE-4A67943D16C0}.Release|Any CPU.ActiveCfg = Release|Any CPU
		{E26E1B49-5D0A-415F-9CAE-4A67943D16C0}.Release|Any CPU.Build.0 = Release|Any CPU
		{5768D20D-C50A-4482-9A47-178AD08DD041}.Debug|Any CPU.ActiveCfg = Debug|Any CPU
		{5768D20D-C50A-4482-9A47-178AD08DD041}.Debug|Any CPU.Build.0 = Debug|Any CPU
		{5768D20D-C50A-4482-9A47-178AD08DD041}.Release|Any CPU.ActiveCfg = Release|Any CPU
		{5768D20D-C50A-4482-9A47-178AD08DD041}.Release|Any CPU.Build.0 = Release|Any CPU
		{8CF87C78-93F8-45E8-B1C0-E2A581D17B36}.Debug|Any CPU.ActiveCfg = Debug|Any CPU
		{8CF87C78-93F8-45E8-B1C0-E2A581D17B36}.Debug|Any CPU.Build.0 = Debug|Any CPU
		{8CF87C78-93F8-45E8-B1C0-E2A581D17B36}.Release|Any CPU.ActiveCfg = Release|Any CPU
		{8CF87C78-93F8-45E8-B1C0-E2A581D17B36}.Release|Any CPU.Build.0 = Release|Any CPU
		{EAC0D629-A58D-46B3-857F-9D549B24A2D1}.Debug|Any CPU.ActiveCfg = Debug|Any CPU
		{EAC0D629-A58D-46B3-857F-9D549B24A2D1}.Debug|Any CPU.Build.0 = Debug|Any CPU
		{EAC0D629-A58D-46B3-857F-9D549B24A2D1}.Release|Any CPU.ActiveCfg = Release|Any CPU
		{EAC0D629-A58D-46B3-857F-9D549B24A2D1}.Release|Any CPU.Build.0 = Release|Any CPU
		{1A155E5C-96EC-41A7-8283-55348E3EC2D1}.Debug|Any CPU.ActiveCfg = Debug|Any CPU
		{1A155E5C-96EC-41A7-8283-55348E3EC2D1}.Debug|Any CPU.Build.0 = Debug|Any CPU
		{1A155E5C-96EC-41A7-8283-55348E3EC2D1}.Release|Any CPU.ActiveCfg = Release|Any CPU
		{1A155E5C-96EC-41A7-8283-55348E3EC2D1}.Release|Any CPU.Build.0 = Release|Any CPU
		{64C8C1CF-DAAA-4479-8DEE-14AEF651B094}.Debug|Any CPU.ActiveCfg = Debug|Any CPU
		{64C8C1CF-DAAA-4479-8DEE-14AEF651B094}.Debug|Any CPU.Build.0 = Debug|Any CPU
		{64C8C1CF-DAAA-4479-8DEE-14AEF651B094}.Release|Any CPU.ActiveCfg = Release|Any CPU
		{64C8C1CF-DAAA-4479-8DEE-14AEF651B094}.Release|Any CPU.Build.0 = Release|Any CPU
		{0CE74B04-3A58-42B0-9636-347BB1073CB7}.Debug|Any CPU.ActiveCfg = Debug|Any CPU
		{0CE74B04-3A58-42B0-9636-347BB1073CB7}.Debug|Any CPU.Build.0 = Debug|Any CPU
		{0CE74B04-3A58-42B0-9636-347BB1073CB7}.Release|Any CPU.ActiveCfg = Release|Any CPU
		{0CE74B04-3A58-42B0-9636-347BB1073CB7}.Release|Any CPU.Build.0 = Release|Any CPU
		{7818C892-A30D-4A79-A82E-F632D2951157}.Debug|Any CPU.ActiveCfg = Debug|Any CPU
		{7818C892-A30D-4A79-A82E-F632D2951157}.Debug|Any CPU.Build.0 = Debug|Any CPU
		{7818C892-A30D-4A79-A82E-F632D2951157}.Release|Any CPU.ActiveCfg = Release|Any CPU
		{7818C892-A30D-4A79-A82E-F632D2951157}.Release|Any CPU.Build.0 = Release|Any CPU
		{EEF66D50-804E-4DB4-8338-7A140B6320E4}.Debug|Any CPU.ActiveCfg = Debug|Any CPU
		{EEF66D50-804E-4DB4-8338-7A140B6320E4}.Debug|Any CPU.Build.0 = Debug|Any CPU
		{EEF66D50-804E-4DB4-8338-7A140B6320E4}.Release|Any CPU.ActiveCfg = Release|Any CPU
		{EEF66D50-804E-4DB4-8338-7A140B6320E4}.Release|Any CPU.Build.0 = Release|Any CPU
		{B3645CEF-AA13-4E78-8AD3-C4E7272BB6C0}.Debug|Any CPU.ActiveCfg = Debug|Any CPU
		{B3645CEF-AA13-4E78-8AD3-C4E7272BB6C0}.Debug|Any CPU.Build.0 = Debug|Any CPU
		{B3645CEF-AA13-4E78-8AD3-C4E7272BB6C0}.Release|Any CPU.ActiveCfg = Release|Any CPU
		{B3645CEF-AA13-4E78-8AD3-C4E7272BB6C0}.Release|Any CPU.Build.0 = Release|Any CPU
		{3574A819-0154-42CB-B8CA-DFDB0A9C37CC}.Debug|Any CPU.ActiveCfg = Debug|Any CPU
		{3574A819-0154-42CB-B8CA-DFDB0A9C37CC}.Debug|Any CPU.Build.0 = Debug|Any CPU
		{3574A819-0154-42CB-B8CA-DFDB0A9C37CC}.Release|Any CPU.ActiveCfg = Release|Any CPU
		{3574A819-0154-42CB-B8CA-DFDB0A9C37CC}.Release|Any CPU.Build.0 = Release|Any CPU
		{E4286035-C9EC-4DD8-83DD-DD2F8C5BEFDA}.Debug|Any CPU.ActiveCfg = Debug|Any CPU
		{E4286035-C9EC-4DD8-83DD-DD2F8C5BEFDA}.Debug|Any CPU.Build.0 = Debug|Any CPU
		{E4286035-C9EC-4DD8-83DD-DD2F8C5BEFDA}.Release|Any CPU.ActiveCfg = Release|Any CPU
		{E4286035-C9EC-4DD8-83DD-DD2F8C5BEFDA}.Release|Any CPU.Build.0 = Release|Any CPU
		{1238D04C-632F-428B-8D08-5DBD90A389D0}.Debug|Any CPU.ActiveCfg = Debug|Any CPU
		{1238D04C-632F-428B-8D08-5DBD90A389D0}.Debug|Any CPU.Build.0 = Debug|Any CPU
		{1238D04C-632F-428B-8D08-5DBD90A389D0}.Release|Any CPU.ActiveCfg = Release|Any CPU
		{1238D04C-632F-428B-8D08-5DBD90A389D0}.Release|Any CPU.Build.0 = Release|Any CPU
		{2D7E575D-AF61-4F3A-ACDD-D466A6F52D22}.Debug|Any CPU.ActiveCfg = Debug|Any CPU
		{2D7E575D-AF61-4F3A-ACDD-D466A6F52D22}.Debug|Any CPU.Build.0 = Debug|Any CPU
		{2D7E575D-AF61-4F3A-ACDD-D466A6F52D22}.Release|Any CPU.ActiveCfg = Release|Any CPU
		{2D7E575D-AF61-4F3A-ACDD-D466A6F52D22}.Release|Any CPU.Build.0 = Release|Any CPU
	EndGlobalSection
	GlobalSection(SolutionProperties) = preSolution
		HideSolutionNode = FALSE
	EndGlobalSection
	GlobalSection(ExtensibilityGlobals) = postSolution
		SolutionGuid = {2CE908F2-E002-46F8-928B-3817B682FAF8}
	EndGlobalSection
EndGlobal
