
Microsoft Visual Studio Solution File, Format Version 12.00
# Visual Studio 15
VisualStudioVersion = 15.0.28307.1062
MinimumVisualStudioVersion = 10.0.40219.1
Project("{9A19103F-16F7-4668-BE54-9A1E7A4F7556}") = "Example2407", "Example2407\Example2407.csproj", "{A7058AFF-BAA1-47EF-9E59-98688B1A4AA3}"
EndProject
Project("{9A19103F-16F7-4668-BE54-9A1E7A4F7556}") = "Example15650", "Example15650\Example15650.csproj", "{3E9412FB-02B6-4A00-803F-1896C31D3B3A}"
EndProject
Project("{9A19103F-16F7-4668-BE54-9A1E7A4F7556}") = "Example15652", "Example15652\Example15652.csproj", "{0CD887A6-056B-4B33-83EA-30053733799C}"
EndProject
Project("{9A19103F-16F7-4668-BE54-9A1E7A4F7556}") = "Example15654", "Example15654\Example15654.csproj", "{E0058591-C757-41E7-8D54-087254D44816}"
EndProject
Project("{9A19103F-16F7-4668-BE54-9A1E7A4F7556}") = "Example15657", "Example15657\Example15657.csproj", "{B00E2A5E-34E2-4AAB-8B0D-DFBD59C3E623}"
EndProject
Project("{9A19103F-16F7-4668-BE54-9A1E7A4F7556}") = "Example11725", "Example11725\Example11725.csproj", "{7F825A16-9D21-495C-93DE-57BA3813E6ED}"
EndProject
Project("{9A19103F-16F7-4668-BE54-9A1E7A4F7556}") = "Example15663", "Example15663\Example15663.csproj", "{A9415BA1-C6C7-4369-877B-CCACD6E801DA}"
EndProject
Project("{9A19103F-16F7-4668-BE54-9A1E7A4F7556}") = "Example15666", "Example15666\Example15666.csproj", "{8FD945EB-EE04-47D7-97C2-AE322F261755}"
EndProject
Project("{9A19103F-16F7-4668-BE54-9A1E7A4F7556}") = "Example1149", "Example1149\Example1149.csproj", "{8CB2996E-3E05-478F-BC7C-97DBC48D544E}"
EndProject
Project("{9A19103F-16F7-4668-BE54-9A1E7A4F7556}") = "Example1629", "Example1629\Example1629.csproj", "{4A700A13-581D-49A4-82EF-61671E1B79BE}"
EndProject
Project("{FAE04EC0-301F-11D3-BF4B-00C04F79EFBC}") = "Example1932", "Example1932\Example1932.csproj", "{4E7C98EB-0A23-4AEA-B1CF-E0AFE5825912}"
EndProject
Global
	GlobalSection(SolutionConfigurationPlatforms) = preSolution
		Debug|Any CPU = Debug|Any CPU
		Release|Any CPU = Release|Any CPU
	EndGlobalSection
	GlobalSection(ProjectConfigurationPlatforms) = postSolution
		{A7058AFF-BAA1-47EF-9E59-98688B1A4AA3}.Debug|Any CPU.ActiveCfg = Debug|Any CPU
		{A7058AFF-BAA1-47EF-9E59-98688B1A4AA3}.Debug|Any CPU.Build.0 = Debug|Any CPU
		{A7058AFF-BAA1-47EF-9E59-98688B1A4AA3}.Release|Any CPU.ActiveCfg = Release|Any CPU
		{A7058AFF-BAA1-47EF-9E59-98688B1A4AA3}.Release|Any CPU.Build.0 = Release|Any CPU
		{3E9412FB-02B6-4A00-803F-1896C31D3B3A}.Debug|Any CPU.ActiveCfg = Debug|Any CPU
		{3E9412FB-02B6-4A00-803F-1896C31D3B3A}.Debug|Any CPU.Build.0 = Debug|Any CPU
		{3E9412FB-02B6-4A00-803F-1896C31D3B3A}.Release|Any CPU.ActiveCfg = Release|Any CPU
		{3E9412FB-02B6-4A00-803F-1896C31D3B3A}.Release|Any CPU.Build.0 = Release|Any CPU
		{0CD887A6-056B-4B33-83EA-30053733799C}.Debug|Any CPU.ActiveCfg = Debug|Any CPU
		{0CD887A6-056B-4B33-83EA-30053733799C}.Debug|Any CPU.Build.0 = Debug|Any CPU
		{0CD887A6-056B-4B33-83EA-30053733799C}.Release|Any CPU.ActiveCfg = Release|Any CPU
		{0CD887A6-056B-4B33-83EA-30053733799C}.Release|Any CPU.Build.0 = Release|Any CPU
		{E0058591-C757-41E7-8D54-087254D44816}.Debug|Any CPU.ActiveCfg = Debug|Any CPU
		{E0058591-C757-41E7-8D54-087254D44816}.Debug|Any CPU.Build.0 = Debug|Any CPU
		{E0058591-C757-41E7-8D54-087254D44816}.Release|Any CPU.ActiveCfg = Release|Any CPU
		{E0058591-C757-41E7-8D54-087254D44816}.Release|Any CPU.Build.0 = Release|Any CPU
		{B00E2A5E-34E2-4AAB-8B0D-DFBD59C3E623}.Debug|Any CPU.ActiveCfg = Debug|Any CPU
		{B00E2A5E-34E2-4AAB-8B0D-DFBD59C3E623}.Debug|Any CPU.Build.0 = Debug|Any CPU
		{B00E2A5E-34E2-4AAB-8B0D-DFBD59C3E623}.Release|Any CPU.ActiveCfg = Release|Any CPU
		{B00E2A5E-34E2-4AAB-8B0D-DFBD59C3E623}.Release|Any CPU.Build.0 = Release|Any CPU
		{7F825A16-9D21-495C-93DE-57BA3813E6ED}.Debug|Any CPU.ActiveCfg = Debug|Any CPU
		{7F825A16-9D21-495C-93DE-57BA3813E6ED}.Debug|Any CPU.Build.0 = Debug|Any CPU
		{7F825A16-9D21-495C-93DE-57BA3813E6ED}.Release|Any CPU.ActiveCfg = Release|Any CPU
		{7F825A16-9D21-495C-93DE-57BA3813E6ED}.Release|Any CPU.Build.0 = Release|Any CPU
		{A9415BA1-C6C7-4369-877B-CCACD6E801DA}.Debug|Any CPU.ActiveCfg = Debug|Any CPU
		{A9415BA1-C6C7-4369-877B-CCACD6E801DA}.Debug|Any CPU.Build.0 = Debug|Any CPU
		{A9415BA1-C6C7-4369-877B-CCACD6E801DA}.Release|Any CPU.ActiveCfg = Release|Any CPU
		{A9415BA1-C6C7-4369-877B-CCACD6E801DA}.Release|Any CPU.Build.0 = Release|Any CPU
		{8FD945EB-EE04-47D7-97C2-AE322F261755}.Debug|Any CPU.ActiveCfg = Debug|Any CPU
		{8FD945EB-EE04-47D7-97C2-AE322F261755}.Debug|Any CPU.Build.0 = Debug|Any CPU
		{8FD945EB-EE04-47D7-97C2-AE322F261755}.Release|Any CPU.ActiveCfg = Release|Any CPU
		{8FD945EB-EE04-47D7-97C2-AE322F261755}.Release|Any CPU.Build.0 = Release|Any CPU
		{8CB2996E-3E05-478F-BC7C-97DBC48D544E}.Debug|Any CPU.ActiveCfg = Debug|Any CPU
		{8CB2996E-3E05-478F-BC7C-97DBC48D544E}.Debug|Any CPU.Build.0 = Debug|Any CPU
		{8CB2996E-3E05-478F-BC7C-97DBC48D544E}.Release|Any CPU.ActiveCfg = Release|Any CPU
		{8CB2996E-3E05-478F-BC7C-97DBC48D544E}.Release|Any CPU.Build.0 = Release|Any CPU
		{4A700A13-581D-49A4-82EF-61671E1B79BE}.Debug|Any CPU.ActiveCfg = Debug|Any CPU
		{4A700A13-581D-49A4-82EF-61671E1B79BE}.Debug|Any CPU.Build.0 = Debug|Any CPU
		{4A700A13-581D-49A4-82EF-61671E1B79BE}.Release|Any CPU.ActiveCfg = Release|Any CPU
		{4A700A13-581D-49A4-82EF-61671E1B79BE}.Release|Any CPU.Build.0 = Release|Any CPU
		{4E7C98EB-0A23-4AEA-B1CF-E0AFE5825912}.Debug|Any CPU.ActiveCfg = Debug|Any CPU
		{4E7C98EB-0A23-4AEA-B1CF-E0AFE5825912}.Debug|Any CPU.Build.0 = Debug|Any CPU
		{4E7C98EB-0A23-4AEA-B1CF-E0AFE5825912}.Release|Any CPU.ActiveCfg = Release|Any CPU
		{4E7C98EB-0A23-4AEA-B1CF-E0AFE5825912}.Release|Any CPU.Build.0 = Release|Any CPU
	EndGlobalSection
	GlobalSection(SolutionProperties) = preSolution
		HideSolutionNode = FALSE
	EndGlobalSection
	GlobalSection(ExtensibilityGlobals) = postSolution
		SolutionGuid = {8F511FBF-754E-477C-AA19-64177F815602}
	EndGlobalSection
EndGlobal
